
Microsoft Visual Studio Solution File, Format Version 12.00
# Visual Studio Version 17
VisualStudioVersion = 17.7.34221.43
MinimumVisualStudioVersion = 10.0.40219.1
Project("{FAE04EC0-301F-11D3-BF4B-00C04F79EFBC}") = "Codility-Flags", "Codility-Flags\Codility-Flags.csproj", "{E328ECED-ED0E-44F1-8966-91E6C5986048}"
EndProject
Project("{FAE04EC0-301F-11D3-BF4B-00C04F79EFBC}") = "Codility-FlagsTests", "Codility-FlagsTests\Codility-FlagsTests.csproj", "{66ADA555-AA7F-41F9-B2C3-9CE54EDCE985}"
EndProject
Global
	GlobalSection(SolutionConfigurationPlatforms) = preSolution
		Debug|Any CPU = Debug|Any CPU
		Release|Any CPU = Release|Any CPU
	EndGlobalSection
	GlobalSection(ProjectConfigurationPlatforms) = postSolution
		{E328ECED-ED0E-44F1-8966-91E6C5986048}.Debug|Any CPU.ActiveCfg = Debug|Any CPU
		{E328ECED-ED0E-44F1-8966-91E6C5986048}.Debug|Any CPU.Build.0 = Debug|Any CPU
		{E328ECED-ED0E-44F1-8966-91E6C5986048}.Release|Any CPU.ActiveCfg = Release|Any CPU
		{E328ECED-ED0E-44F1-8966-91E6C5986048}.Release|Any CPU.Build.0 = Release|Any CPU
		{66ADA555-AA7F-41F9-B2C3-9CE54EDCE985}.Debug|Any CPU.ActiveCfg = Debug|Any CPU
		{66ADA555-AA7F-41F9-B2C3-9CE54EDCE985}.Debug|Any CPU.Build.0 = Debug|Any CPU
		{66ADA555-AA7F-41F9-B2C3-9CE54EDCE985}.Release|Any CPU.ActiveCfg = Release|Any CPU
		{66ADA555-AA7F-41F9-B2C3-9CE54EDCE985}.Release|Any CPU.Build.0 = Release|Any CPU
	EndGlobalSection
	GlobalSection(SolutionProperties) = preSolution
		HideSolutionNode = FALSE
	EndGlobalSection
	GlobalSection(ExtensibilityGlobals) = postSolution
		SolutionGuid = {C0D65D91-4B2A-46F0-9F0B-E44466C6F2F6}
	EndGlobalSection
EndGlobal
